
Microsoft Visual Studio Solution File, Format Version 12.00
# Visual Studio Version 17
VisualStudioVersion = 17.11.35219.272
MinimumVisualStudioVersion = 10.0.40219.1
Project("{FAE04EC0-301F-11D3-BF4B-00C04F79EFBC}") = "MailBlender", "MailBlender.csproj", "{011271AC-CCB4-479D-B135-E3EC21108146}"
EndProject
Global
	GlobalSection(SolutionConfigurationPlatforms) = preSolution
		Debug|Any CPU = Debug|Any CPU
		Release|Any CPU = Release|Any CPU
	EndGlobalSection
	GlobalSection(ProjectConfigurationPlatforms) = postSolution
		{011271AC-CCB4-479D-B135-E3EC21108146}.Debug|Any CPU.ActiveCfg = Debug|Any CPU
		{011271AC-CCB4-479D-B135-E3EC21108146}.Debug|Any CPU.Build.0 = Debug|Any CPU
		{011271AC-CCB4-479D-B135-E3EC21108146}.Release|Any CPU.ActiveCfg = Release|Any CPU
		{011271AC-CCB4-479D-B135-E3EC21108146}.Release|Any CPU.Build.0 = Release|Any CPU
	EndGlobalSection
	GlobalSection(SolutionProperties) = preSolution
		HideSolutionNode = FALSE
	EndGlobalSection
	GlobalSection(ExtensibilityGlobals) = postSolution
		SolutionGuid = {11AF1930-4CCA-47CA-9CF1-C524D39D31D0}
	EndGlobalSection
EndGlobal
